
Microsoft Visual Studio Solution File, Format Version 12.00
# Visual Studio Version 17
VisualStudioVersion = 17.0.32112.339
MinimumVisualStudioVersion = 10.0.40219.1
Project("{FAE04EC0-301F-11D3-BF4B-00C04F79EFBC}") = "DnD Project", "DnD Project\DnD Project.csproj", "{9D7475E1-DA0B-486E-881B-61803FB97AD1}"
EndProject
Global
	GlobalSection(SolutionConfigurationPlatforms) = preSolution
		Debug|Any CPU = Debug|Any CPU
		Release|Any CPU = Release|Any CPU
	EndGlobalSection
	GlobalSection(ProjectConfigurationPlatforms) = postSolution
		{9D7475E1-DA0B-486E-881B-61803FB97AD1}.Debug|Any CPU.ActiveCfg = Debug|Any CPU
		{9D7475E1-DA0B-486E-881B-61803FB97AD1}.Debug|Any CPU.Build.0 = Debug|Any CPU
		{9D7475E1-DA0B-486E-881B-61803FB97AD1}.Release|Any CPU.ActiveCfg = Release|Any CPU
		{9D7475E1-DA0B-486E-881B-61803FB97AD1}.Release|Any CPU.Build.0 = Release|Any CPU
	EndGlobalSection
	GlobalSection(SolutionProperties) = preSolution
		HideSolutionNode = FALSE
	EndGlobalSection
	GlobalSection(ExtensibilityGlobals) = postSolution
		SolutionGuid = {A1E16184-EA5A-4552-A713-9816E70DE1BE}
	EndGlobalSection
EndGlobal
